Microsoft Visual Studio Solution File, Format Version 12.00
# Visual Studio 14
VisualStudioVersion = 14.0.25420.1
MinimumVisualStudioVersion = 10.0.40219.1
Project("{9BEED4E1-4370-4941-A08E-8AB720022DB9}") = ".paket", ".paket", "{55CDFCF1-7A70-4E5D-9906-88F5A3D3C3B1}"
	ProjectSection(SolutionItems) = preProject
		paket.dependencies = paket.dependencies
	EndProjectSection
EndProject
Project("{9BEED4E1-4370-4941-A08E-8AB720022DB9}") = "Solution Items", "Solution Items", "{E5E77D3C-F0EE-4EB3-B813-B181020563E0}"
	ProjectSection(SolutionItems) = preProject
		Readme.md = Readme.md
	EndProjectSection
EndProject
Project("{40BE719A-6250-433B-8FDF-AC4E6E51DD7F}") = "FsJavaProps", "src\FsJavaProps\FsJavaProps.fsproj", "{6FA3901B-8578-4445-8ADA-7FE54AE4013F}"
EndProject
Project("{40BE719A-6250-433B-8FDF-AC4E6E51DD7F}") = "FsJavaProps.Tests", "src\FsJavaProps.Tests\FsJavaProps.Tests.fsproj", "{8D18F422-C3D1-4502-AED4-3E292D89107C}"
EndProject
Global
	GlobalSection(SolutionConfigurationPlatforms) = preSolution
		Debug|Any CPU = Debug|Any CPU
		Release|Any CPU = Release|Any CPU
	EndGlobalSection
	GlobalSection(ProjectConfigurationPlatforms) = postSolution
		{6FA3901B-8578-4445-8ADA-7FE54AE4013F}.Debug|Any CPU.ActiveCfg = Debug|Any CPU
		{6FA3901B-8578-4445-8ADA-7FE54AE4013F}.Debug|Any CPU.Build.0 = Debug|Any CPU
		{6FA3901B-8578-4445-8ADA-7FE54AE4013F}.Release|Any CPU.ActiveCfg = Release|Any CPU
		{6FA3901B-8578-4445-8ADA-7FE54AE4013F}.Release|Any CPU.Build.0 = Release|Any CPU
		{8D18F422-C3D1-4502-AED4-3E292D89107C}.Debug|Any CPU.ActiveCfg = Debug|Any CPU
		{8D18F422-C3D1-4502-AED4-3E292D89107C}.Debug|Any CPU.Build.0 = Debug|Any CPU
		{8D18F422-C3D1-4502-AED4-3E292D89107C}.Release|Any CPU.ActiveCfg = Release|Any CPU
		{8D18F422-C3D1-4502-AED4-3E292D89107C}.Release|Any CPU.Build.0 = Release|Any CPU
	EndGlobalSection
	GlobalSection(SolutionProperties) = preSolution
		HideSolutionNode = FALSE
	EndGlobalSection
EndGlobal
