Microsoft Visual Studio Solution File, Format Version 12.00
# Visual Studio 15
VisualStudioVersion = 15.0.26206.0
MinimumVisualStudioVersion = 10.0.40219.1
Project("{F2A71F9B-5D33-465A-A702-920D77279786}") = "FsJavaProps", "src\FsJavaProps\FsJavaProps.fsproj", "{6FA3901B-8578-4445-8ADA-7FE54AE4013F}"
EndProject
Project("{F2A71F9B-5D33-465A-A702-920D77279786}") = "FsJavaProps.Tests", "src\FsJavaProps.Tests\FsJavaProps.Tests.fsproj", "{8D18F422-C3D1-4502-AED4-3E292D89107C}"
EndProject
Global
	GlobalSection(SolutionConfigurationPlatforms) = preSolution
		Debug|Any CPU = Debug|Any CPU
		Release|Any CPU = Release|Any CPU
	EndGlobalSection
	GlobalSection(ProjectConfigurationPlatforms) = postSolution
		{6FA3901B-8578-4445-8ADA-7FE54AE4013F}.Debug|Any CPU.ActiveCfg = Debug|Any CPU
		{6FA3901B-8578-4445-8ADA-7FE54AE4013F}.Debug|Any CPU.Build.0 = Debug|Any CPU
		{6FA3901B-8578-4445-8ADA-7FE54AE4013F}.Release|Any CPU.ActiveCfg = Release|Any CPU
		{6FA3901B-8578-4445-8ADA-7FE54AE4013F}.Release|Any CPU.Build.0 = Release|Any CPU
		{8D18F422-C3D1-4502-AED4-3E292D89107C}.Debug|Any CPU.ActiveCfg = Debug|Any CPU
		{8D18F422-C3D1-4502-AED4-3E292D89107C}.Debug|Any CPU.Build.0 = Debug|Any CPU
		{8D18F422-C3D1-4502-AED4-3E292D89107C}.Release|Any CPU.ActiveCfg = Release|Any CPU
		{8D18F422-C3D1-4502-AED4-3E292D89107C}.Release|Any CPU.Build.0 = Release|Any CPU
	EndGlobalSection
	GlobalSection(SolutionProperties) = preSolution
		HideSolutionNode = FALSE
	EndGlobalSection
EndGlobal
